
Microsoft Visual Studio Solution File, Format Version 12.00
# Visual Studio Version 16
VisualStudioVersion = 16.0.29926.136
MinimumVisualStudioVersion = 10.0.40219.1
Project("{FAE04EC0-301F-11D3-BF4B-00C04F79EFBC}") = "NPMPackageDownloader", "NPMPackageDownloader\NPMPackageDownloader.csproj", "{4304713D-3ED0-4DED-9B16-88AF0733B699}"
EndProject
Global
	GlobalSection(SolutionConfigurationPlatforms) = preSolution
		Debug|Any CPU = Debug|Any CPU
		Release|Any CPU = Release|Any CPU
	EndGlobalSection
	GlobalSection(ProjectConfigurationPlatforms) = postSolution
		{4304713D-3ED0-4DED-9B16-88AF0733B699}.Debug|Any CPU.ActiveCfg = Debug|Any CPU
		{4304713D-3ED0-4DED-9B16-88AF0733B699}.Debug|Any CPU.Build.0 = Debug|Any CPU
		{4304713D-3ED0-4DED-9B16-88AF0733B699}.Release|Any CPU.ActiveCfg = Release|Any CPU
		{4304713D-3ED0-4DED-9B16-88AF0733B699}.Release|Any CPU.Build.0 = Release|Any CPU
	EndGlobalSection
	GlobalSection(SolutionProperties) = preSolution
		HideSolutionNode = FALSE
	EndGlobalSection
	GlobalSection(ExtensibilityGlobals) = postSolution
		SolutionGuid = {8793834B-9DF6-40CA-927E-552F7B4B3653}
	EndGlobalSection
EndGlobal
